
Microsoft Visual Studio Solution File, Format Version 12.00
# Visual Studio Version 16
VisualStudioVersion = 16.0.32929.386
MinimumVisualStudioVersion = 10.0.40219.1
Project("{FAE04EC0-301F-11D3-BF4B-00C04F79EFBC}") = "NZWalks.API", "NZWalks.API\NZWalks.API.csproj", "{27E3E447-DB59-4CBC-8EE1-8FD926FA4E86}"
EndProject
Global
	GlobalSection(SolutionConfigurationPlatforms) = preSolution
		Debug|Any CPU = Debug|Any CPU
		Release|Any CPU = Release|Any CPU
	EndGlobalSection
	GlobalSection(ProjectConfigurationPlatforms) = postSolution
		{27E3E447-DB59-4CBC-8EE1-8FD926FA4E86}.Debug|Any CPU.ActiveCfg = Debug|Any CPU
		{27E3E447-DB59-4CBC-8EE1-8FD926FA4E86}.Debug|Any CPU.Build.0 = Debug|Any CPU
		{27E3E447-DB59-4CBC-8EE1-8FD926FA4E86}.Release|Any CPU.ActiveCfg = Release|Any CPU
		{27E3E447-DB59-4CBC-8EE1-8FD926FA4E86}.Release|Any CPU.Build.0 = Release|Any CPU
	EndGlobalSection
	GlobalSection(SolutionProperties) = preSolution
		HideSolutionNode = FALSE
	EndGlobalSection
	GlobalSection(ExtensibilityGlobals) = postSolution
		SolutionGuid = {60010B75-3199-4EAC-9B2D-1E0BD3B52B6D}
	EndGlobalSection
EndGlobal
